name: Actions Pinlock

on:
  workflow_call:
    inputs:
      config-path:
        description: "Path to the configuration file"
        required: false
        default: ./actions-repo/actions-pinlock/dependactionbot.json
        type: string
      dry-run:
        description: "Preview changes without making them"
        required: false
        default: false
        type: boolean
      pr:
        description: "Create a pull request"
        required: false
        default: true
        type: boolean

jobs:
  pinlock:
    runs-on: ubuntu-latest
    permissions:
      actions: write
      contents: write
      pull-requests: write

    steps:
      - name: Checkout consumer repository
        uses: actions/checkout@8e8c483db84b4bee98b60c0593521ed34d9990e8

      - name: Checkout actions repository for config
        uses: actions/checkout@8e8c483db84b4bee98b60c0593521ed34d9990e8
        with:
          repository: PiwikPRO/actions
          ref: poc-gha-pinlock
          path: ./actions-repo
          sparse-checkout: actions-pinlock
          sparse-checkout-cone-mode: false

      - name: Run Pinlock
        uses: ./actions-repo/actions-pinlock
        with:
          config-path: ${{ inputs.config-path }}
          dry-run: ${{ inputs.dry-run && 'true' || 'false' }}
          pr: ${{ inputs.pr && 'true' || 'false' }}
